// !$*UTF8*$!
{
	archiveVersion = 1;
	classes = {
	};
	objectVersion = 46;
	objects = {

/* Begin PBXBuildFile section */
		13BEDF7085F2DB8B7907B02B /* Pods_WHBannerDemo.framework in Frameworks */ = {isa = PBXBuildFile; fileRef = D71274EC2746EA4F6A8DA634 /* Pods_WHBannerDemo.framework */; };
		3E8B701B1F3D8EA5000F3381 /* main.m in Sources */ = {isa = PBXBuildFile; fileRef = 3E8B701A1F3D8EA5000F3381 /* main.m */; };
		3E8B701E1F3D8EA5000F3381 /* AppDelegate.m in Sources */ = {isa = PBXBuildFile; fileRef = 3E8B701D1F3D8EA5000F3381 /* AppDelegate.m */; };
		3E8B70211F3D8EA5000F3381 /* ViewController.m in Sources */ = {isa = PBXBuildFile; fileRef = 3E8B70201F3D8EA5000F3381 /* ViewController.m */; };
		3E8B70241F3D8EA5000F3381 /* Main.storyboard in Resources */ = {isa = PBXBuildFile; fileRef = 3E8B70221F3D8EA5000F3381 /* Main.storyboard */; };
		3E8B70261F3D8EA5000F3381 /* Assets.xcassets in Resources */ = {isa = PBXBuildFile; fileRef = 3E8B70251F3D8EA5000F3381 /* Assets.xcassets */; };
		3E8B70291F3D8EA5000F3381 /* LaunchScreen.storyboard in Resources */ = {isa = PBXBuildFile; fileRef = 3E8B70271F3D8EA5000F3381 /* LaunchScreen.storyboard */; };
		3E8B70341F3D8EA6000F3381 /* WHBannerDemoTests.m in Sources */ = {isa = PBXBuildFile; fileRef = 3E8B70331F3D8EA6000F3381 /* WHBannerDemoTests.m */; };
		3E8B703F1F3D8EA6000F3381 /* WHBannerDemoUITests.m in Sources */ = {isa = PBXBuildFile; fileRef = 3E8B703E1F3D8EA6000F3381 /* WHBannerDemoUITests.m */; };
		3E8B70561F3D8F6A000F3381 /* WKWebVC.m in Sources */ = {isa = PBXBuildFile; fileRef = 3E8B70541F3D8F6A000F3381 /* WKWebVC.m */; };
		3E8B705A1F3D974C000F3381 /* WHImageDisplayView.m in Sources */ = {isa = PBXBuildFile; fileRef = 3E8B70591F3D974C000F3381 /* WHImageDisplayView.m */; };
/* End PBXBuildFile section */

/* Begin PBXContainerItemProxy section */
		3E8B70301F3D8EA6000F3381 /* PBXContainerItemProxy */ = {
			isa = PBXContainerItemProxy;
			containerPortal = 3E8B700E1F3D8EA5000F3381 /* Project object */;
			proxyType = 1;
			remoteGlobalIDString = 3E8B70151F3D8EA5000F3381;
			remoteInfo = WHBannerDemo;
		};
		3E8B703B1F3D8EA6000F3381 /* PBXContainerItemProxy */ = {
			isa = PBXContainerItemProxy;
			containerPortal = 3E8B700E1F3D8EA5000F3381 /* Project object */;
			proxyType = 1;
			remoteGlobalIDString = 3E8B70151F3D8EA5000F3381;
			remoteInfo = WHBannerDemo;
		};
/* End PBXContainerItemProxy section */

/* Begin PBXFileReference section */
		0C6B435F45C926B3E8D8D5F8 /* Pods-WHBannerDemo.debug.xcconfig */ = {isa = PBXFileReference; includeInIndex = 1; lastKnownFileType = text.xcconfig; name = "Pods-WHBannerDemo.debug.xcconfig"; path = "Pods/Target Support Files/Pods-WHBannerDemo/Pods-WHBannerDemo.debug.xcconfig"; sourceTree = "<group>"; };
		314A6B9D83CDE96F7227E291 /* Pods-WHBannerDemo.release.xcconfig */ = {isa = PBXFileReference; includeInIndex = 1; lastKnownFileType = text.xcconfig; name = "Pods-WHBannerDemo.release.xcconfig"; path = "Pods/Target Support Files/Pods-WHBannerDemo/Pods-WHBannerDemo.release.xcconfig"; sourceTree = "<group>"; };
		3E8B70161F3D8EA5000F3381 /* WHBannerDemo.app */ = {isa = PBXFileReference; explicitFileType = wrapper.application; includeInIndex = 0; path = WHBannerDemo.app; sourceTree = BUILT_PRODUCTS_DIR; };
		3E8B701A1F3D8EA5000F3381 /* main.m */ = {isa = PBXFileReference; lastKnownFileType = sourcecode.c.objc; path = main.m; sourceTree = "<group>"; };
		3E8B701C1F3D8EA5000F3381 /* AppDelegate.h */ = {isa = PBXFileReference; lastKnownFileType = sourcecode.c.h; path = AppDelegate.h; sourceTree = "<group>"; };
		3E8B701D1F3D8EA5000F3381 /* AppDelegate.m */ = {isa = PBXFileReference; lastKnownFileType = sourcecode.c.objc; path = AppDelegate.m; sourceTree = "<group>"; };
		3E8B701F1F3D8EA5000F3381 /* ViewController.h */ = {isa = PBXFileReference; lastKnownFileType = sourcecode.c.h; path = ViewController.h; sourceTree = "<group>"; };
		3E8B70201F3D8EA5000F3381 /* ViewController.m */ = {isa = PBXFileReference; lastKnownFileType = sourcecode.c.objc; path = ViewController.m; sourceTree = "<group>"; };
		3E8B70231F3D8EA5000F3381 /* Base */ = {isa = PBXFileReference; lastKnownFileType = file.storyboard; name = Base; path = Base.lproj/Main.storyboard; sourceTree = "<group>"; };
		3E8B70251F3D8EA5000F3381 /* Assets.xcassets */ = {isa = PBXFileReference; lastKnownFileType = folder.assetcatalog; path = Assets.xcassets; sourceTree = "<group>"; };
		3E8B70281F3D8EA5000F3381 /* Base */ = {isa = PBXFileReference; lastKnownFileType = file.storyboard; name = Base; path = Base.lproj/LaunchScreen.storyboard; sourceTree = "<group>"; };
		3E8B702A1F3D8EA5000F3381 /* Info.plist */ = {isa = PBXFileReference; lastKnownFileType = text.plist.xml; path = Info.plist; sourceTree = "<group>"; };
		3E8B702F1F3D8EA6000F3381 /* WHBannerDemoTests.xctest */ = {isa = PBXFileReference; explicitFileType = wrapper.cfbundle; includeInIndex = 0; path = WHBannerDemoTests.xctest; sourceTree = BUILT_PRODUCTS_DIR; };
		3E8B70331F3D8EA6000F3381 /* WHBannerDemoTests.m */ = {isa = PBXFileReference; lastKnownFileType = sourcecode.c.objc; path = WHBannerDemoTests.m; sourceTree = "<group>"; };
		3E8B70351F3D8EA6000F3381 /* Info.plist */ = {isa = PBXFileReference; lastKnownFileType = text.plist.xml; path = Info.plist; sourceTree = "<group>"; };
		3E8B703A1F3D8EA6000F3381 /* WHBannerDemoUITests.xctest */ = {isa = PBXFileReference; explicitFileType = wrapper.cfbundle; includeInIndex = 0; path = WHBannerDemoUITests.xctest; sourceTree = BUILT_PRODUCTS_DIR; };
		3E8B703E1F3D8EA6000F3381 /* WHBannerDemoUITests.m */ = {isa = PBXFileReference; lastKnownFileType = sourcecode.c.objc; path = WHBannerDemoUITests.m; sourceTree = "<group>"; };
		3E8B70401F3D8EA6000F3381 /* Info.plist */ = {isa = PBXFileReference; lastKnownFileType = text.plist.xml; path = Info.plist; sourceTree = "<group>"; };
		3E8B70531F3D8F6A000F3381 /* WKWebVC.h */ = {isa = PBXFileReference; fileEncoding = 4; lastKnownFileType = sourcecode.c.h; path = WKWebVC.h; sourceTree = "<group>"; };
		3E8B70541F3D8F6A000F3381 /* WKWebVC.m */ = {isa = PBXFileReference; fileEncoding = 4; lastKnownFileType = sourcecode.c.objc; path = WKWebVC.m; sourceTree = "<group>"; };
		3E8B70581F3D974C000F3381 /* WHImageDisplayView.h */ = {isa = PBXFileReference; fileEncoding = 4; lastKnownFileType = sourcecode.c.h; path = WHImageDisplayView.h; sourceTree = "<group>"; };
		3E8B70591F3D974C000F3381 /* WHImageDisplayView.m */ = {isa = PBXFileReference; fileEncoding = 4; lastKnownFileType = sourcecode.c.objc; path = WHImageDisplayView.m; sourceTree = "<group>"; };
		D71274EC2746EA4F6A8DA634 /* Pods_WHBannerDemo.framework */ = {isa = PBXFileReference; explicitFileType = wrapper.framework; includeInIndex = 0; path = Pods_WHBannerDemo.framework; sourceTree = BUILT_PRODUCTS_DIR; };
/* End PBXFileReference section */

/* Begin PBXFrameworksBuildPhase section */
		3E8B70131F3D8EA5000F3381 /* Frameworks */ = {
			isa = PBXFrameworksBuildPhase;
			buildActionMask = 2147483647;
			files = (
				13BEDF7085F2DB8B7907B02B /* Pods_WHBannerDemo.framework in Frameworks */,
			);
			runOnlyForDeploymentPostprocessing = 0;
		};
		3E8B702C1F3D8EA6000F3381 /* Frameworks */ = {
			isa = PBXFrameworksBuildPhase;
			buildActionMask = 2147483647;
			files = (
			);
			runOnlyForDeploymentPostprocessing = 0;
		};
		3E8B70371F3D8EA6000F3381 /* Frameworks */ = {
			isa = PBXFrameworksBuildPhase;
			buildActionMask = 2147483647;
			files = (
			);
			runOnlyForDeploymentPostprocessing = 0;
		};
/* End PBXFrameworksBuildPhase section */

/* Begin PBXGroup section */
		0E9D8BF807AF5A7613E0B60C /* Pods */ = {
			isa = PBXGroup;
			children = (
				0C6B435F45C926B3E8D8D5F8 /* Pods-WHBannerDemo.debug.xcconfig */,
				314A6B9D83CDE96F7227E291 /* Pods-WHBannerDemo.release.xcconfig */,
			);
			name = Pods;
			sourceTree = "<group>";
		};
		3E8B700D1F3D8EA5000F3381 = {
			isa = PBXGroup;
			children = (
				3E8B70181F3D8EA5000F3381 /* WHBannerDemo */,
				3E8B70321F3D8EA6000F3381 /* WHBannerDemoTests */,
				3E8B703D1F3D8EA6000F3381 /* WHBannerDemoUITests */,
				3E8B70171F3D8EA5000F3381 /* Products */,
				0E9D8BF807AF5A7613E0B60C /* Pods */,
				B2936931FE7B7BB5172E2CC5 /* Frameworks */,
			);
			sourceTree = "<group>";
		};
		3E8B70171F3D8EA5000F3381 /* Products */ = {
			isa = PBXGroup;
			children = (
				3E8B70161F3D8EA5000F3381 /* WHBannerDemo.app */,
				3E8B702F1F3D8EA6000F3381 /* WHBannerDemoTests.xctest */,
				3E8B703A1F3D8EA6000F3381 /* WHBannerDemoUITests.xctest */,
			);
			name = Products;
			sourceTree = "<group>";
		};
		3E8B70181F3D8EA5000F3381 /* WHBannerDemo */ = {
			isa = PBXGroup;
			children = (
				3E8B701C1F3D8EA5000F3381 /* AppDelegate.h */,
				3E8B701D1F3D8EA5000F3381 /* AppDelegate.m */,
				3E8B701F1F3D8EA5000F3381 /* ViewController.h */,
				3E8B70201F3D8EA5000F3381 /* ViewController.m */,
				3E8B70571F3D971F000F3381 /* BannerView */,
				3E8B704F1F3D8F39000F3381 /* WKWeb */,
				3E8B70221F3D8EA5000F3381 /* Main.storyboard */,
				3E8B70251F3D8EA5000F3381 /* Assets.xcassets */,
				3E8B70271F3D8EA5000F3381 /* LaunchScreen.storyboard */,
				3E8B702A1F3D8EA5000F3381 /* Info.plist */,
				3E8B70191F3D8EA5000F3381 /* Supporting Files */,
			);
			path = WHBannerDemo;
			sourceTree = "<group>";
		};
		3E8B70191F3D8EA5000F3381 /* Supporting Files */ = {
			isa = PBXGroup;
			children = (
				3E8B701A1F3D8EA5000F3381 /* main.m */,
			);
			name = "Supporting Files";
			sourceTree = "<group>";
		};
		3E8B70321F3D8EA6000F3381 /* WHBannerDemoTests */ = {
			isa = PBXGroup;
			children = (
				3E8B70331F3D8EA6000F3381 /* WHBannerDemoTests.m */,
				3E8B70351F3D8EA6000F3381 /* Info.plist */,
			);
			path = WHBannerDemoTests;
			sourceTree = "<group>";
		};
		3E8B703D1F3D8EA6000F3381 /* WHBannerDemoUITests */ = {
			isa = PBXGroup;
			children = (
				3E8B703E1F3D8EA6000F3381 /* WHBannerDemoUITests.m */,
				3E8B70401F3D8EA6000F3381 /* Info.plist */,
			);
			path = WHBannerDemoUITests;
			sourceTree = "<group>";
		};
		3E8B704F1F3D8F39000F3381 /* WKWeb */ = {
			isa = PBXGroup;
			children = (
				3E8B70531F3D8F6A000F3381 /* WKWebVC.h */,
				3E8B70541F3D8F6A000F3381 /* WKWebVC.m */,
			);
			path = WKWeb;
			sourceTree = "<group>";
		};
		3E8B70571F3D971F000F3381 /* BannerView */ = {
			isa = PBXGroup;
			children = (
				3E8B70581F3D974C000F3381 /* WHImageDisplayView.h */,
				3E8B70591F3D974C000F3381 /* WHImageDisplayView.m */,
			);
			path = BannerView;
			sourceTree = "<group>";
		};
		B2936931FE7B7BB5172E2CC5 /* Frameworks */ = {
			isa = PBXGroup;
			children = (
				D71274EC2746EA4F6A8DA634 /* Pods_WHBannerDemo.framework */,
			);
			name = Frameworks;
			sourceTree = "<group>";
		};
/* End PBXGroup section */

/* Begin PBXNativeTarget section */
		3E8B70151F3D8EA5000F3381 /* WHBannerDemo */ = {
			isa = PBXNativeTarget;
			buildConfigurationList = 3E8B70431F3D8EA6000F3381 /* Build configuration list for PBXNativeTarget "WHBannerDemo" */;
			buildPhases = (
				E08AB7C2758158F10C45D1D6 /* [CP] Check Pods Manifest.lock */,
				3E8B70121F3D8EA5000F3381 /* Sources */,
				3E8B70131F3D8EA5000F3381 /* Frameworks */,
				3E8B70141F3D8EA5000F3381 /* Resources */,
				E72B033AD5E635ABD9B4445B /* [CP] Embed Pods Frameworks */,
				B4A5F823F2F9DD71D4F8DC97 /* [CP] Copy Pods Resources */,
			);
			buildRules = (
			);
			dependencies = (
			);
			name = WHBannerDemo;
			productName = WHBannerDemo;
			productReference = 3E8B70161F3D8EA5000F3381 /* WHBannerDemo.app */;
			productType = "com.apple.product-type.application";
		};
		3E8B702E1F3D8EA6000F3381 /* WHBannerDemoTests */ = {
			isa = PBXNativeTarget;
			buildConfigurationList = 3E8B70461F3D8EA6000F3381 /* Build configuration list for PBXNativeTarget "WHBannerDemoTests" */;
			buildPhases = (
				3E8B702B1F3D8EA6000F3381 /* Sources */,
				3E8B702C1F3D8EA6000F3381 /* Frameworks */,
				3E8B702D1F3D8EA6000F3381 /* Resources */,
			);
			buildRules = (
			);
			dependencies = (
				3E8B70311F3D8EA6000F3381 /* PBXTargetDependency */,
			);
			name = WHBannerDemoTests;
			productName = WHBannerDemoTests;
			productReference = 3E8B702F1F3D8EA6000F3381 /* WHBannerDemoTests.xctest */;
			productType = "com.apple.product-type.bundle.unit-test";
		};
		3E8B70391F3D8EA6000F3381 /* WHBannerDemoUITests */ = {
			isa = PBXNativeTarget;
			buildConfigurationList = 3E8B70491F3D8EA6000F3381 /* Build configuration list for PBXNativeTarget "WHBannerDemoUITests" */;
			buildPhases = (
				3E8B70361F3D8EA6000F3381 /* Sources */,
				3E8B70371F3D8EA6000F3381 /* Frameworks */,
				3E8B70381F3D8EA6000F3381 /* Resources */,
			);
			buildRules = (
			);
			dependencies = (
				3E8B703C1F3D8EA6000F3381 /* PBXTargetDependency */,
			);
			name = WHBannerDemoUITests;
			productName = WHBannerDemoUITests;
			productReference = 3E8B703A1F3D8EA6000F3381 /* WHBannerDemoUITests.xctest */;
			productType = "com.apple.product-type.bundle.ui-testing";
		};
/* End PBXNativeTarget section */

/* Begin PBXProject section */
		3E8B700E1F3D8EA5000F3381 /* Project object */ = {
			isa = PBXProject;
			attributes = {
				LastUpgradeCheck = 0830;
				ORGANIZATIONNAME = "in-next";
				TargetAttributes = {
					3E8B70151F3D8EA5000F3381 = {
						CreatedOnToolsVersion = 8.3.3;
						DevelopmentTeam = NX7QEUK74W;
						ProvisioningStyle = Automatic;
					};
					3E8B702E1F3D8EA6000F3381 = {
						CreatedOnToolsVersion = 8.3.3;
						DevelopmentTeam = NX7QEUK74W;
						ProvisioningStyle = Automatic;
						TestTargetID = 3E8B70151F3D8EA5000F3381;
					};
					3E8B70391F3D8EA6000F3381 = {
						CreatedOnToolsVersion = 8.3.3;
						DevelopmentTeam = NX7QEUK74W;
						ProvisioningStyle = Automatic;
						TestTargetID = 3E8B70151F3D8EA5000F3381;
					};
				};
			};
			buildConfigurationList = 3E8B70111F3D8EA5000F3381 /* Build configuration list for PBXProject "WHBannerDemo" */;
			compatibilityVersion = "Xcode 3.2";
			developmentRegion = English;
			hasScannedForEncodings = 0;
			knownRegions = (
				en,
				Base,
			);
			mainGroup = 3E8B700D1F3D8EA5000F3381;
			productRefGroup = 3E8B70171F3D8EA5000F3381 /* Products */;
			projectDirPath = "";
			projectRoot = "";
			targets = (
				3E8B70151F3D8EA5000F3381 /* WHBannerDemo */,
				3E8B702E1F3D8EA6000F3381 /* WHBannerDemoTests */,
				3E8B70391F3D8EA6000F3381 /* WHBannerDemoUITests */,
			);
		};
/* End PBXProject section */

/* Begin PBXResourcesBuildPhase section */
		3E8B70141F3D8EA5000F3381 /* Resources */ = {
			isa = PBXResourcesBuildPhase;
			buildActionMask = 2147483647;
			files = (
				3E8B70291F3D8EA5000F3381 /* LaunchScreen.storyboard in Resources */,
				3E8B70261F3D8EA5000F3381 /* Assets.xcassets in Resources */,
				3E8B70241F3D8EA5000F3381 /* Main.storyboard in Resources */,
			);
			runOnlyForDeploymentPostprocessing = 0;
		};
		3E8B702D1F3D8EA6000F3381 /* Resources */ = {
			isa = PBXResourcesBuildPhase;
			buildActionMask = 2147483647;
			files = (
			);
			runOnlyForDeploymentPostprocessing = 0;
		};
		3E8B70381F3D8EA6000F3381 /* Resources */ = {
			isa = PBXResourcesBuildPhase;
			buildActionMask = 2147483647;
			files = (
			);
			runOnlyForDeploymentPostprocessing = 0;
		};
/* End PBXResourcesBuildPhase section */

/* Begin PBXShellScriptBuildPhase section */
		B4A5F823F2F9DD71D4F8DC97 /* [CP] Copy Pods Resources */ = {
			isa = PBXShellScriptBuildPhase;
			buildActionMask = 2147483647;
			files = (
			);
			inputPaths = (
			);
			name = "[CP] Copy Pods Resources";
			outputPaths = (
			);
			runOnlyForDeploymentPostprocessing = 0;
			shellPath = /bin/sh;
			shellScript = "\"${SRCROOT}/Pods/Target Support Files/Pods-WHBannerDemo/Pods-WHBannerDemo-resources.sh\"\n";
			showEnvVarsInLog = 0;
		};
		E08AB7C2758158F10C45D1D6 /* [CP] Check Pods Manifest.lock */ = {
			isa = PBXShellScriptBuildPhase;
			buildActionMask = 2147483647;
			files = (
			);
			inputPaths = (
			);
			name = "[CP] Check Pods Manifest.lock";
			outputPaths = (
			);
			runOnlyForDeploymentPostprocessing = 0;
			shellPath = /bin/sh;
			shellScript = "diff \"${PODS_ROOT}/../Podfile.lock\" \"${PODS_ROOT}/Manifest.lock\" > /dev/null\nif [ $? != 0 ] ; then\n    # print error to STDERR\n    echo \"error: The sandbox is not in sync with the Podfile.lock. Run 'pod install' or update your CocoaPods installation.\" >&2\n    exit 1\nfi\n";
			showEnvVarsInLog = 0;
		};
		E72B033AD5E635ABD9B4445B /* [CP] Embed Pods Frameworks */ = {
			isa = PBXShellScriptBuildPhase;
			buildActionMask = 2147483647;
			files = (
			);
			inputPaths = (
			);
			name = "[CP] Embed Pods Frameworks";
			outputPaths = (
			);
			runOnlyForDeploymentPostprocessing = 0;
			shellPath = /bin/sh;
			shellScript = "\"${SRCROOT}/Pods/Target Support Files/Pods-WHBannerDemo/Pods-WHBannerDemo-frameworks.sh\"\n";
			showEnvVarsInLog = 0;
		};
/* End PBXShellScriptBuildPhase section */

/* Begin PBXSourcesBuildPhase section */
		3E8B70121F3D8EA5000F3381 /* Sources */ = {
			isa = PBXSourcesBuildPhase;
			buildActionMask = 2147483647;
			files = (
				3E8B70211F3D8EA5000F3381 /* ViewController.m in Sources */,
				3E8B70561F3D8F6A000F3381 /* WKWebVC.m in Sources */,
				3E8B705A1F3D974C000F3381 /* WHImageDisplayView.m in Sources */,
				3E8B701E1F3D8EA5000F3381 /* AppDelegate.m in Sources */,
				3E8B701B1F3D8EA5000F3381 /* main.m in Sources */,
			);
			runOnlyForDeploymentPostprocessing = 0;
		};
		3E8B702B1F3D8EA6000F3381 /* Sources */ = {
			isa = PBXSourcesBuildPhase;
			buildActionMask = 2147483647;
			files = (
				3E8B70341F3D8EA6000F3381 /* WHBannerDemoTests.m in Sources */,
			);
			runOnlyForDeploymentPostprocessing = 0;
		};
		3E8B70361F3D8EA6000F3381 /* Sources */ = {
			isa = PBXSourcesBuildPhase;
			buildActionMask = 2147483647;
			files = (
				3E8B703F1F3D8EA6000F3381 /* WHBannerDemoUITests.m in Sources */,
			);
			runOnlyForDeploymentPostprocessing = 0;
		};
/* End PBXSourcesBuildPhase section */

/* Begin PBXTargetDependency section */
		3E8B70311F3D8EA6000F3381 /* PBXTargetDependency */ = {
			isa = PBXTargetDependency;
			target = 3E8B70151F3D8EA5000F3381 /* WHBannerDemo */;
			targetProxy = 3E8B70301F3D8EA6000F3381 /* PBXContainerItemProxy */;
		};
		3E8B703C1F3D8EA6000F3381 /* PBXTargetDependency */ = {
			isa = PBXTargetDependency;
			target = 3E8B70151F3D8EA5000F3381 /* WHBannerDemo */;
			targetProxy = 3E8B703B1F3D8EA6000F3381 /* PBXContainerItemProxy */;
		};
/* End PBXTargetDependency section */

/* Begin PBXVariantGroup section */
		3E8B70221F3D8EA5000F3381 /* Main.storyboard */ = {
			isa = PBXVariantGroup;
			children = (
				3E8B70231F3D8EA5000F3381 /* Base */,
			);
			name = Main.storyboard;
			sourceTree = "<group>";
		};
		3E8B70271F3D8EA5000F3381 /* LaunchScreen.storyboard */ = {
			isa = PBXVariantGroup;
			children = (
				3E8B70281F3D8EA5000F3381 /* Base */,
			);
			name = LaunchScreen.storyboard;
			sourceTree = "<group>";
		};
/* End PBXVariantGroup section */

/* Begin XCBuildConfiguration section */
		3E8B70411F3D8EA6000F3381 /* Debug */ = {
			isa = XCBuildConfiguration;
			buildSettings = {
				ALWAYS_SEARCH_USER_PATHS = NO;
				CLANG_ANALYZER_NONNULL = YES;
				CLANG_ANALYZER_NUMBER_OBJECT_CONVERSION = YES_AGGRESSIVE;
				CLANG_CXX_LANGUAGE_STANDARD = "gnu++0x";
				CLANG_CXX_LIBRARY = "libc++";
				CLANG_ENABLE_MODULES = YES;
				CLANG_ENABLE_OBJC_ARC = YES;
				CLANG_WARN_BOOL_CONVERSION = YES;
				CLANG_WARN_CONSTANT_CONVERSION = YES;
				CLANG_WARN_DIRECT_OBJC_ISA_USAGE = YES_ERROR;
				CLANG_WARN_DOCUMENTATION_COMMENTS = YES;
				CLANG_WARN_EMPTY_BODY = YES;
				CLANG_WARN_ENUM_CONVERSION = YES;
				CLANG_WARN_INFINITE_RECURSION = YES;
				CLANG_WARN_INT_CONVERSION = YES;
				CLANG_WARN_OBJC_ROOT_CLASS = YES_ERROR;
				CLANG_WARN_SUSPICIOUS_MOVE = YES;
				CLANG_WARN_UNREACHABLE_CODE = YES;
				CLANG_WARN__DUPLICATE_METHOD_MATCH = YES;
				"CODE_SIGN_IDENTITY[sdk=iphoneos*]" = "iPhone Developer";
				COPY_PHASE_STRIP = NO;
				DEBUG_INFORMATION_FORMAT = dwarf;
				ENABLE_STRICT_OBJC_MSGSEND = YES;
				ENABLE_TESTABILITY = YES;
				GCC_C_LANGUAGE_STANDARD = gnu99;
				GCC_DYNAMIC_NO_PIC = NO;
				GCC_NO_COMMON_BLOCKS = YES;
				GCC_OPTIMIZATION_LEVEL = 0;
				GCC_PREPROCESSOR_DEFINITIONS = (
					"DEBUG=1",
					"$(inherited)",
				);
				GCC_WARN_64_TO_32_BIT_CONVERSION = YES;
				GCC_WARN_ABOUT_RETURN_TYPE = YES_ERROR;
				GCC_WARN_UNDECLARED_SELECTOR = YES;
				GCC_WARN_UNINITIALIZED_AUTOS = YES_AGGRESSIVE;
				GCC_WARN_UNUSED_FUNCTION = YES;
				GCC_WARN_UNUSED_VARIABLE = YES;
				IPHONEOS_DEPLOYMENT_TARGET = 8.0;
				MTL_ENABLE_DEBUG_INFO = YES;
				ONLY_ACTIVE_ARCH = YES;
				SDKROOT = iphoneos;
				TARGETED_DEVICE_FAMILY = "1,2";
			};
			name = Debug;
		};
		3E8B70421F3D8EA6000F3381 /* Release */ = {
			isa = XCBuildConfiguration;
			buildSettings = {
				ALWAYS_SEARCH_USER_PATHS = NO;
				CLANG_ANALYZER_NONNULL = YES;
				CLANG_ANALYZER_NUMBER_OBJECT_CONVERSION = YES_AGGRESSIVE;
				CLANG_CXX_LANGUAGE_STANDARD = "gnu++0x";
				CLANG_CXX_LIBRARY = "libc++";
				CLANG_ENABLE_MODULES = YES;
				CLANG_ENABLE_OBJC_ARC = YES;
				CLANG_WARN_BOOL_CONVERSION = YES;
				CLANG_WARN_CONSTANT_CONVERSION = YES;
				CLANG_WARN_DIRECT_OBJC_ISA_USAGE = YES_ERROR;
				CLANG_WARN_DOCUMENTATION_COMMENTS = YES;
				CLANG_WARN_EMPTY_BODY = YES;
				CLANG_WARN_ENUM_CONVERSION = YES;
				CLANG_WARN_INFINITE_RECURSION = YES;
				CLANG_WARN_INT_CONVERSION = YES;
				CLANG_WARN_OBJC_ROOT_CLASS = YES_ERROR;
				CLANG_WARN_SUSPICIOUS_MOVE = YES;
				CLANG_WARN_UNREACHABLE_CODE = YES;
				CLANG_WARN__DUPLICATE_METHOD_MATCH = YES;
				"CODE_SIGN_IDENTITY[sdk=iphoneos*]" = "iPhone Developer";
				COPY_PHASE_STRIP = NO;
				DEBUG_INFORMATION_FORMAT = "dwarf-with-dsym";
				ENABLE_NS_ASSERTIONS = NO;
				ENABLE_STRICT_OBJC_MSGSEND = YES;
				GCC_C_LANGUAGE_STANDARD = gnu99;
				GCC_NO_COMMON_BLOCKS = YES;
				GCC_WARN_64_TO_32_BIT_CONVERSION = YES;
				GCC_WARN_ABOUT_RETURN_TYPE = YES_ERROR;
				GCC_WARN_UNDECLARED_SELECTOR = YES;
				GCC_WARN_UNINITIALIZED_AUTOS = YES_AGGRESSIVE;
				GCC_WARN_UNUSED_FUNCTION = YES;
				GCC_WARN_UNUSED_VARIABLE = YES;
				IPHONEOS_DEPLOYMENT_TARGET = 8.0;
				MTL_ENABLE_DEBUG_INFO = NO;
				SDKROOT = iphoneos;
				TARGETED_DEVICE_FAMILY = "1,2";
				VALIDATE_PRODUCT = YES;
			};
			name = Release;
		};
		3E8B70441F3D8EA6000F3381 /* Debug */ = {
			isa = XCBuildConfiguration;
			baseConfigurationReference = 0C6B435F45C926B3E8D8D5F8 /* Pods-WHBannerDemo.debug.xcconfig */;
			buildSettings = {
				ASSETCATALOG_COMPILER_APPICON_NAME = AppIcon;
				DEVELOPMENT_TEAM = NX7QEUK74W;
				INFOPLIST_FILE = WHBannerDemo/Info.plist;
				LD_RUNPATH_SEARCH_PATHS = "$(inherited) @executable_path/Frameworks";
				PRODUCT_BUNDLE_IDENTIFIER = com.innext.WHBannerDemo;
				PRODUCT_NAME = "$(TARGET_NAME)";
			};
			name = Debug;
		};
		3E8B70451F3D8EA6000F3381 /* Release */ = {
			isa = XCBuildConfiguration;
			baseConfigurationReference = 314A6B9D83CDE96F7227E291 /* Pods-WHBannerDemo.release.xcconfig */;
			buildSettings = {
				ASSETCATALOG_COMPILER_APPICON_NAME = AppIcon;
				DEVELOPMENT_TEAM = NX7QEUK74W;
				INFOPLIST_FILE = WHBannerDemo/Info.plist;
				LD_RUNPATH_SEARCH_PATHS = "$(inherited) @executable_path/Frameworks";
				PRODUCT_BUNDLE_IDENTIFIER = com.innext.WHBannerDemo;
				PRODUCT_NAME = "$(TARGET_NAME)";
			};
			name = Release;
		};
		3E8B70471F3D8EA6000F3381 /* Debug */ = {
			isa = XCBuildConfiguration;
			buildSettings = {
				BUNDLE_LOADER = "$(TEST_HOST)";
				DEVELOPMENT_TEAM = NX7QEUK74W;
				INFOPLIST_FILE = WHBannerDemoTests/Info.plist;
				LD_RUNPATH_SEARCH_PATHS = "$(inherited) @executable_path/Frameworks @loader_path/Frameworks";
				PRODUCT_BUNDLE_IDENTIFIER = com.innext.WHBannerDemoTests;
				PRODUCT_NAME = "$(TARGET_NAME)";
				TEST_HOST = "$(BUILT_PRODUCTS_DIR)/WHBannerDemo.app/WHBannerDemo";
			};
			name = Debug;
		};
		3E8B70481F3D8EA6000F3381 /* Release */ = {
			isa = XCBuildConfiguration;
			buildSettings = {
				BUNDLE_LOADER = "$(TEST_HOST)";
				DEVELOPMENT_TEAM = NX7QEUK74W;
				INFOPLIST_FILE = WHBannerDemoTests/Info.plist;
				LD_RUNPATH_SEARCH_PATHS = "$(inherited) @executable_path/Frameworks @loader_path/Frameworks";
				PRODUCT_BUNDLE_IDENTIFIER = com.innext.WHBannerDemoTests;
				PRODUCT_NAME = "$(TARGET_NAME)";
				TEST_HOST = "$(BUILT_PRODUCTS_DIR)/WHBannerDemo.app/WHBannerDemo";
			};
			name = Release;
		};
		3E8B704A1F3D8EA6000F3381 /* Debug */ = {
			isa = XCBuildConfiguration;
			buildSettings = {
				DEVELOPMENT_TEAM = NX7QEUK74W;
				INFOPLIST_FILE = WHBannerDemoUITests/Info.plist;
				LD_RUNPATH_SEARCH_PATHS = "$(inherited) @executable_path/Frameworks @loader_path/Frameworks";
				PRODUCT_BUNDLE_IDENTIFIER = com.innext.WHBannerDemoUITests;
				PRODUCT_NAME = "$(TARGET_NAME)";
				TEST_TARGET_NAME = WHBannerDemo;
			};
			name = Debug;
		};
		3E8B704B1F3D8EA6000F3381 /* Release */ = {
			isa = XCBuildConfiguration;
			buildSettings = {
				DEVELOPMENT_TEAM = NX7QEUK74W;
				INFOPLIST_FILE = WHBannerDemoUITests/Info.plist;
				LD_RUNPATH_SEARCH_PATHS = "$(inherited) @executable_path/Frameworks @loader_path/Frameworks";
				PRODUCT_BUNDLE_IDENTIFIER = com.innext.WHBannerDemoUITests;
				PRODUCT_NAME = "$(TARGET_NAME)";
				TEST_TARGET_NAME = WHBannerDemo;
			};
			name = Release;
		};
/* End XCBuildConfiguration section */

/* Begin XCConfigurationList section */
		3E8B70111F3D8EA5000F3381 /* Build configuration list for PBXProject "WHBannerDemo" */ = {
			isa = XCConfigurationList;
			buildConfigurations = (
				3E8B70411F3D8EA6000F3381 /* Debug */,
				3E8B70421F3D8EA6000F3381 /* Release */,
			);
			defaultConfigurationIsVisible = 0;
			defaultConfigurationName = Release;
		};
		3E8B70431F3D8EA6000F3381 /* Build configuration list for PBXNativeTarget "WHBannerDemo" */ = {
			isa = XCConfigurationList;
			buildConfigurations = (
				3E8B70441F3D8EA6000F3381 /* Debug */,
				3E8B70451F3D8EA6000F3381 /* Release */,
			);
			defaultConfigurationIsVisible = 0;
		};
		3E8B70461F3D8EA6000F3381 /* Build configuration list for PBXNativeTarget "WHBannerDemoTests" */ = {
			isa = XCConfigurationList;
			buildConfigurations = (
				3E8B70471F3D8EA6000F3381 /* Debug */,
				3E8B70481F3D8EA6000F3381 /* Release */,
			);
			defaultConfigurationIsVisible = 0;
		};
		3E8B70491F3D8EA6000F3381 /* Build configuration list for PBXNativeTarget "WHBannerDemoUITests" */ = {
			isa = XCConfigurationList;
			buildConfigurations = (
				3E8B704A1F3D8EA6000F3381 /* Debug */,
				3E8B704B1F3D8EA6000F3381 /* Release */,
			);
			defaultConfigurationIsVisible = 0;
		};
/* End XCConfigurationList section */
	};
	rootObject = 3E8B700E1F3D8EA5000F3381 /* Project object */;
}
